// !$*UTF8*$!
{
	archiveVersion = 1;
	classes = {
	};
	objectVersion = 46;
	objects = {

/* Begin PBXBuildFile section */
		12147A731CFDC90700B2CCC2 /* main.m in Sources */ = {isa = PBXBuildFile; fileRef = 12147A721CFDC90700B2CCC2 /* main.m */; };
		12147FF41CFEB9D5006777AB /* SampleNSThread.m in Sources */ = {isa = PBXBuildFile; fileRef = 12147FF31CFEB9D5006777AB /* SampleNSThread.m */; };
		12147FF71CFEC6B7006777AB /* SampleCondition.m in Sources */ = {isa = PBXBuildFile; fileRef = 12147FF61CFEC6B7006777AB /* SampleCondition.m */; };
		12CEB20B1D015CB3004DF1BD /* SampleNSOperation.m in Sources */ = {isa = PBXBuildFile; fileRef = 12CEB20A1D015CB3004DF1BD /* SampleNSOperation.m */; };
/* End PBXBuildFile section */

/* Begin PBXCopyFilesBuildPhase section */
		12147A6D1CFDC90700B2CCC2 /* CopyFiles */ = {
			isa = PBXCopyFilesBuildPhase;
			buildActionMask = 2147483647;
			dstPath = /usr/share/man/man1/;
			dstSubfolderSpec = 0;
			files = (
			);
			runOnlyForDeploymentPostprocessing = 1;
		};
/* End PBXCopyFilesBuildPhase section */

/* Begin PBXFileReference section */
		12147A6F1CFDC90700B2CCC2 /* ThreadSamples */ = {isa = PBXFileReference; explicitFileType = "compiled.mach-o.executable"; includeInIndex = 0; path = ThreadSamples; sourceTree = BUILT_PRODUCTS_DIR; };
		12147A721CFDC90700B2CCC2 /* main.m */ = {isa = PBXFileReference; lastKnownFileType = sourcecode.c.objc; path = main.m; sourceTree = "<group>"; };
		12147FF21CFEB9D5006777AB /* SampleNSThread.h */ = {isa = PBXFileReference; fileEncoding = 4; lastKnownFileType = sourcecode.c.h; path = SampleNSThread.h; sourceTree = "<group>"; };
		12147FF31CFEB9D5006777AB /* SampleNSThread.m */ = {isa = PBXFileReference; fileEncoding = 4; lastKnownFileType = sourcecode.c.objc; path = SampleNSThread.m; sourceTree = "<group>"; };
		12147FF51CFEC6B7006777AB /* SampleCondition.h */ = {isa = PBXFileReference; fileEncoding = 4; lastKnownFileType = sourcecode.c.h; path = SampleCondition.h; sourceTree = "<group>"; };
		12147FF61CFEC6B7006777AB /* SampleCondition.m */ = {isa = PBXFileReference; fileEncoding = 4; lastKnownFileType = sourcecode.c.objc; path = SampleCondition.m; sourceTree = "<group>"; };
		12CEB2091D015CB3004DF1BD /* SampleNSOperation.h */ = {isa = PBXFileReference; fileEncoding = 4; lastKnownFileType = sourcecode.c.h; path = SampleNSOperation.h; sourceTree = "<group>"; };
		12CEB20A1D015CB3004DF1BD /* SampleNSOperation.m */ = {isa = PBXFileReference; fileEncoding = 4; lastKnownFileType = sourcecode.c.objc; path = SampleNSOperation.m; sourceTree = "<group>"; };
/* End PBXFileReference section */

/* Begin PBXFrameworksBuildPhase section */
		12147A6C1CFDC90700B2CCC2 /* Frameworks */ = {
			isa = PBXFrameworksBuildPhase;
			buildActionMask = 2147483647;
			files = (
			);
			runOnlyForDeploymentPostprocessing = 0;
		};
/* End PBXFrameworksBuildPhase section */

/* Begin PBXGroup section */
		12147A661CFDC90700B2CCC2 = {
			isa = PBXGroup;
			children = (
				12147A711CFDC90700B2CCC2 /* ThreadSamples */,
				12147A701CFDC90700B2CCC2 /* Products */,
			);
			sourceTree = "<group>";
		};
		12147A701CFDC90700B2CCC2 /* Products */ = {
			isa = PBXGroup;
			children = (
				12147A6F1CFDC90700B2CCC2 /* ThreadSamples */,
			);
			name = Products;
			sourceTree = "<group>";
		};
		12147A711CFDC90700B2CCC2 /* ThreadSamples */ = {
			isa = PBXGroup;
			children = (
				12147A721CFDC90700B2CCC2 /* main.m */,
				12147FF21CFEB9D5006777AB /* SampleNSThread.h */,
				12147FF31CFEB9D5006777AB /* SampleNSThread.m */,
				12147FF51CFEC6B7006777AB /* SampleCondition.h */,
				12147FF61CFEC6B7006777AB /* SampleCondition.m */,
				12CEB2091D015CB3004DF1BD /* SampleNSOperation.h */,
				12CEB20A1D015CB3004DF1BD /* SampleNSOperation.m */,
			);
			path = ThreadSamples;
			sourceTree = "<group>";
		};
/* End PBXGroup section */

/* Begin PBXNativeTarget section */
		12147A6E1CFDC90700B2CCC2 /* ThreadSamples */ = {
			isa = PBXNativeTarget;
			buildConfigurationList = 12147A761CFDC90700B2CCC2 /* Build configuration list for PBXNativeTarget "ThreadSamples" */;
			buildPhases = (
				12147A6B1CFDC90700B2CCC2 /* Sources */,
				12147A6C1CFDC90700B2CCC2 /* Frameworks */,
				12147A6D1CFDC90700B2CCC2 /* CopyFiles */,
			);
			buildRules = (
			);
			dependencies = (
			);
			name = ThreadSamples;
			productName = ThreadSamples;
			productReference = 12147A6F1CFDC90700B2CCC2 /* ThreadSamples */;
			productType = "com.apple.product-type.tool";
		};
/* End PBXNativeTarget section */

/* Begin PBXProject section */
		12147A671CFDC90700B2CCC2 /* Project object */ = {
			isa = PBXProject;
			attributes = {
				LastUpgradeCheck = 0730;
				ORGANIZATIONNAME = anjingxw;
				TargetAttributes = {
					12147A6E1CFDC90700B2CCC2 = {
						CreatedOnToolsVersion = 7.3.1;
					};
				};
			};
			buildConfigurationList = 12147A6A1CFDC90700B2CCC2 /* Build configuration list for PBXProject "ThreadSamples" */;
			compatibilityVersion = "Xcode 3.2";
			developmentRegion = English;
			hasScannedForEncodings = 0;
			knownRegions = (
				en,
			);
			mainGroup = 12147A661CFDC90700B2CCC2;
			productRefGroup = 12147A701CFDC90700B2CCC2 /* Products */;
			projectDirPath = "";
			projectRoot = "";
			targets = (
				12147A6E1CFDC90700B2CCC2 /* ThreadSamples */,
			);
		};
/* End PBXProject section */

/* Begin PBXSourcesBuildPhase section */
		12147A6B1CFDC90700B2CCC2 /* Sources */ = {
			isa = PBXSourcesBuildPhase;
			buildActionMask = 2147483647;
			files = (
				12147FF71CFEC6B7006777AB /* SampleCondition.m in Sources */,
				12147FF41CFEB9D5006777AB /* SampleNSThread.m in Sources */,
				12CEB20B1D015CB3004DF1BD /* SampleNSOperation.m in Sources */,
				12147A731CFDC90700B2CCC2 /* main.m in Sources */,
			);
			runOnlyForDeploymentPostprocessing = 0;
		};
/* End PBXSourcesBuildPhase section */

/* Begin XCBuildConfiguration section */
		12147A741CFDC90700B2CCC2 /* Debug */ = {
			isa = XCBuildConfiguration;
			buildSettings = {
				ALWAYS_SEARCH_USER_PATHS = NO;
				CLANG_ANALYZER_NONNULL = YES;
				CLANG_CXX_LANGUAGE_STANDARD = "gnu++0x";
				CLANG_CXX_LIBRARY = "libc++";
				CLANG_ENABLE_MODULES = YES;
				CLANG_ENABLE_OBJC_ARC = YES;
				CLANG_WARN_BOOL_CONVERSION = YES;
				CLANG_WARN_CONSTANT_CONVERSION = YES;
				CLANG_WARN_DIRECT_OBJC_ISA_USAGE = YES_ERROR;
				CLANG_WARN_EMPTY_BODY = YES;
				CLANG_WARN_ENUM_CONVERSION = YES;
				CLANG_WARN_INT_CONVERSION = YES;
				CLANG_WARN_OBJC_ROOT_CLASS = YES_ERROR;
				CLANG_WARN_UNREACHABLE_CODE = YES;
				CLANG_WARN__DUPLICATE_METHOD_MATCH = YES;
				CODE_SIGN_IDENTITY = "-";
				COPY_PHASE_STRIP = NO;
				DEBUG_INFORMATION_FORMAT = dwarf;
				ENABLE_STRICT_OBJC_MSGSEND = YES;
				ENABLE_TESTABILITY = YES;
				GCC_C_LANGUAGE_STANDARD = gnu99;
				GCC_DYNAMIC_NO_PIC = NO;
				GCC_NO_COMMON_BLOCKS = YES;
				GCC_OPTIMIZATION_LEVEL = 0;
				GCC_PREPROCESSOR_DEFINITIONS = (
					"DEBUG=1",
					"$(inherited)",
				);
				GCC_WARN_64_TO_32_BIT_CONVERSION = YES;
				GCC_WARN_ABOUT_RETURN_TYPE = YES_ERROR;
				GCC_WARN_UNDECLARED_SELECTOR = YES;
				GCC_WARN_UNINITIALIZED_AUTOS = YES_AGGRESSIVE;
				GCC_WARN_UNUSED_FUNCTION = YES;
				GCC_WARN_UNUSED_VARIABLE = YES;
				MACOSX_DEPLOYMENT_TARGET = 10.11;
				MTL_ENABLE_DEBUG_INFO = YES;
				ONLY_ACTIVE_ARCH = YES;
				SDKROOT = macosx;
			};
			name = Debug;
		};
		12147A751CFDC90700B2CCC2 /* Release */ = {
			isa = XCBuildConfiguration;
			buildSettings = {
				ALWAYS_SEARCH_USER_PATHS = NO;
				CLANG_ANALYZER_NONNULL = YES;
				CLANG_CXX_LANGUAGE_STANDARD = "gnu++0x";
				CLANG_CXX_LIBRARY = "libc++";
				CLANG_ENABLE_MODULES = YES;
				CLANG_ENABLE_OBJC_ARC = YES;
				CLANG_WARN_BOOL_CONVERSION = YES;
				CLANG_WARN_CONSTANT_CONVERSION = YES;
				CLANG_WARN_DIRECT_OBJC_ISA_USAGE = YES_ERROR;
				CLANG_WARN_EMPTY_BODY = YES;
				CLANG_WARN_ENUM_CONVERSION = YES;
				CLANG_WARN_INT_CONVERSION = YES;
				CLANG_WARN_OBJC_ROOT_CLASS = YES_ERROR;
				CLANG_WARN_UNREACHABLE_CODE = YES;
				CLANG_WARN__DUPLICATE_METHOD_MATCH = YES;
				CODE_SIGN_IDENTITY = "-";
				COPY_PHASE_STRIP = NO;
				DEBUG_INFORMATION_FORMAT = "dwarf-with-dsym";
				ENABLE_NS_ASSERTIONS = NO;
				ENABLE_STRICT_OBJC_MSGSEND = YES;
				GCC_C_LANGUAGE_STANDARD = gnu99;
				GCC_NO_COMMON_BLOCKS = YES;
				GCC_WARN_64_TO_32_BIT_CONVERSION = YES;
				GCC_WARN_ABOUT_RETURN_TYPE = YES_ERROR;
				GCC_WARN_UNDECLARED_SELECTOR = YES;
				GCC_WARN_UNINITIALIZED_AUTOS = YES_AGGRESSIVE;
				GCC_WARN_UNUSED_FUNCTION = YES;
				GCC_WARN_UNUSED_VARIABLE = YES;
				MACOSX_DEPLOYMENT_TARGET = 10.11;
				MTL_ENABLE_DEBUG_INFO = NO;
				SDKROOT = macosx;
			};
			name = Release;
		};
		12147A771CFDC90700B2CCC2 /* Debug */ = {
			isa = XCBuildConfiguration;
			buildSettings = {
				PRODUCT_NAME = "$(TARGET_NAME)";
			};
			name = Debug;
		};
		12147A781CFDC90700B2CCC2 /* Release */ = {
			isa = XCBuildConfiguration;
			buildSettings = {
				PRODUCT_NAME = "$(TARGET_NAME)";
			};
			name = Release;
		};
/* End XCBuildConfiguration section */

/* Begin XCConfigurationList section */
		12147A6A1CFDC90700B2CCC2 /* Build configuration list for PBXProject "ThreadSamples" */ = {
			isa = XCConfigurationList;
			buildConfigurations = (
				12147A741CFDC90700B2CCC2 /* Debug */,
				12147A751CFDC90700B2CCC2 /* Release */,
			);
			defaultConfigurationIsVisible = 0;
			defaultConfigurationName = Release;
		};
		12147A761CFDC90700B2CCC2 /* Build configuration list for PBXNativeTarget "ThreadSamples" */ = {
			isa = XCConfigurationList;
			buildConfigurations = (
				12147A771CFDC90700B2CCC2 /* Debug */,
				12147A781CFDC90700B2CCC2 /* Release */,
			);
			defaultConfigurationIsVisible = 0;
			defaultConfigurationName = Release;
		};
/* End XCConfigurationList section */
	};
	rootObject = 12147A671CFDC90700B2CCC2 /* Project object */;
}
